<?xml version="1.0" encoding="utf-8"?>
<Project ToolsVersion="4.0" xmlns="http://schemas.microsoft.com/developer/msbuild/2003">
  <ItemGroup>
    <ClCompile Include="Src\Application.cpp" />
    <ClCompile Include="Src\Graphics\Bindables\Bindable.cpp" />
    <ClCompile Include="Src\Graphics\Core\BindableContainer.cpp" />
    <ClCompile Include="Src\Graphics\Bindables\BlendState.cpp" />
    <ClCompile Include="Src\Graphics\RenderGraph\RenderPass\Fullscreen\DepthOfFieldRenderPass.cpp" />
    <ClCompile Include="Src\Graphics\RenderGraph\RenderPass\Fullscreen\FogRenderPass.cpp" />
    <ClCompile Include="Src\Graphics\RenderGraph\RenderPass\Fullscreen\FullscreenRenderPass.cpp" />
    <ClCompile Include="Src\Graphics\Resources\GraphicsBuffer.cpp" />
    <ClCompile Include="Src\Scene\Objects\Camera.cpp" />
    <ClCompile Include="Src\Graphics\Core\CommandList.cpp" />
    <ClCompile Include="Src\Graphics\Bindables\ConstantBuffer.cpp" />
    <ClCompile Include="Src\Graphics\Core\ConstantBufferHeap.cpp" />
    <ClCompile Include="Src\Graphics\Bindables\DepthStencilState.cpp" />
    <ClCompile Include="Src\Graphics\Bindables\DepthStencilView.cpp" />
    <ClCompile Include="Src\Graphics\Core\DescriptorHeap.cpp" />
    <ClCompile Include="Src\Graphics\Resources\GraphicsResource.cpp" />
    <ClCompile Include="Src\Graphics\Resources\GraphicsTexture.cpp" />
    <ClCompile Include="Src\Scene\Mesh.cpp" />
    <ClCompile Include="Src\Graphics\Data\DynamicConstantBuffer.cpp" />
    <ClCompile Include="Src\Graphics\Data\DynamicVertex.cpp" />
    <ClCompile Include="Src\Error\ErrorHandler.cpp" />
    <ClCompile Include="Src\Graphics\Core\Fence.cpp" />
    <ClCompile Include="Src\Graphics\Core\FrameResourceDeleter.cpp" />
    <ClCompile Include="Src\Graphics\Core\Graphics.cpp" />
    <ClCompile Include="Src\Graphics\Imgui\ImguiLayer.cpp" />
    <ClCompile Include="Src\Graphics\Imgui\ImguiManager.cpp" />
    <ClCompile Include="Src\Includes\DirectXIncludes.h" />
    <ClCompile Include="Src\EntryPoint.cpp" />
    <ClCompile Include="Src\Graphics\Bindables\IndexBuffer.cpp" />
    <ClCompile Include="Src\Error\InfoQueue.cpp" />
    <ClCompile Include="Src\System\Input.cpp" />
    <ClCompile Include="Src\Graphics\Bindables\InputLayout.cpp" />
    <ClCompile Include="Src\Macros\KeyMacros.h" />
    <ClCompile Include="Src\Macros\ErrorMacros.h" />
    <ClCompile Include="Src\Scene\Objects\Model.cpp" />
    <ClCompile Include="Src\Scene\ModelImporter.cpp" />
    <ClCompile Include="Src\Scene\ObjectTransform.cpp" />
    <ClCompile Include="Src\Graphics\Core\Pipeline.cpp" />
    <ClCompile Include="Src\Graphics\Core\PipelineState.cpp" />
    <ClCompile Include="Src\Scene\Objects\PointLight.cpp" />
    <ClCompile Include="Src\Graphics\Bindables\PrimitiveTechnology.cpp" />
    <ClCompile Include="Src\Graphics\Bindables\RasterizerState.cpp" />
    <ClCompile Include="Src\Graphics\Bindables\RenderTarget.cpp" />
    <ClCompile Include="Src\Graphics\Core\RootSignature.cpp" />
    <ClCompile Include="Src\Graphics\Bindables\Sampler.cpp" />
    <ClCompile Include="Src\Scene\Scene.cpp" />
    <ClCompile Include="Src\Scene\SceneObject.cpp" />
    <ClCompile Include="Src\Graphics\Bindables\Shader.cpp" />
    <ClCompile Include="Src\Scene\Objects\Sphere.cpp" />
    <ClCompile Include="Src\Graphics\Bindables\ShaderResourceView.cpp" />
    <ClCompile Include="Src\Graphics\Core\TempCommandList.cpp" />
    <ClCompile Include="Src\Graphics\Bindables\Texture.cpp" />
    <ClCompile Include="Src\Graphics\Bindables\TransformConstantBuffer.cpp" />
    <ClCompile Include="Src\Scene\Objects\Cube.cpp" />
    <ClCompile Include="Src\Graphics\Bindables\UnorderedAccessView.cpp" />
    <ClCompile Include="Src\Graphics\Bindables\VertexBuffer.cpp" />
    <ClCompile Include="Src\Graphics\Bindables\ViewPort.cpp" />
    <ClCompile Include="Src\System\Window.cpp" />
    <ClCompile Include="Src\Graphics\Core\DeviceResources.cpp" />
    <ClCompile Include="Src\Graphics\RenderGraph\RenderGraph.cpp" />
    <ClCompile Include="Src\System\Time.cpp" />
    <ClCompile Include="Src\Scene\RenderTechnique.cpp" />
    <ClCompile Include="Src\Graphics\RenderGraph\Steps\RenderGraphicsStep.cpp" />
    <ClCompile Include="Src\Graphics\RenderGraph\Steps\RenderStep.cpp" />
    <ClCompile Include="Src\Scene\StandaloneMesh.cpp" />
    <ClCompile Include="Src\Graphics\RenderGraph\RenderPass\RenderPass.cpp" />
    <ClCompile Include="Src\Graphics\RenderGraph\RenderManager.cpp" />
    <ClCompile Include="Src\Graphics\Core\Renderer.cpp" />
    <ClCompile Include="Src\Graphics\RenderGraph\RenderPass\Geometry\GeometryPass.cpp" />
    <ClCompile Include="Src\Graphics\RenderGraph\RenderPass\GuiPass.cpp" />
    <ClCompile Include="Src\Graphics\RenderGraph\RenderJob\MeshRenderJob.cpp" />
    <ClCompile Include="Src\Graphics\RenderGraph\RenderJob\RenderJob.cpp" />
    <ClCompile Include="Src\Graphics\RenderGraph\RenderJob\StepRenderJob.cpp" />
    <ClCompile Include="Src\Graphics\RenderGraph\RenderPass\Geometry\PreDepthPass.cpp" />
    <ClCompile Include="Src\Graphics\RenderGraph\RenderJob\GraphicsStepRenderJob.cpp" />
    <ClCompile Include="Src\Graphics\RenderGraph\RenderPass\Geometry\GBufferPass.cpp" />
    <ClCompile Include="Src\Graphics\RenderGraph\RenderPass\Fullscreen\LightningPass.cpp" />
    <ClCompile Include="Src\Graphics\RenderGraph\RenderPass\Geometry\EmissivePass.cpp" />
    <ClCompile Include="Src\Graphics\Profiler\CPUProfiler.cpp" />
    <ClCompile Include="Src\Graphics\Profiler\GPUProfiler.cpp" />
    <ClCompile Include="Src\Graphics\Profiler\Profiler.cpp" />
    <ClCompile Include="Src\Graphics\Bindables\Binding.cpp" />
    <ClCompile Include="Src\Graphics\Bindables\RootSignatureBindableWrapper.cpp" />
    <ClCompile Include="Src\Graphics\Bindables\RootSignatureConstants.cpp" />
    <ClCompile Include="Src\Graphics\Resources\QueryHeap.cpp" />
  </ItemGroup>
  <ItemGroup>
    <ClInclude Include="Src\Application.h" />
    <ClInclude Include="Src\Graphics\Bindables\Bindable.h" />
    <ClInclude Include="Src\Graphics\Core\BindableContainer.h" />
    <ClInclude Include="Src\Graphics\Core\BindableResourceList.h" />
    <ClInclude Include="Src\Graphics\Bindables\BlendState.h" />
    <ClInclude Include="Src\Graphics\RenderGraph\RenderPass\Fullscreen\DepthOfFieldRenderPass.h" />
    <ClInclude Include="Src\Graphics\RenderGraph\RenderPass\Fullscreen\FogRenderPass.h" />
    <ClInclude Include="Src\Graphics\RenderGraph\RenderPass\Fullscreen\FullscreenRenderPass.h" />
    <ClInclude Include="Src\Graphics\Resources\GraphicsBuffer.h" />
    <ClInclude Include="Src\Scene\Objects\Camera.h" />
    <ClInclude Include="Src\Graphics\Core\CommandList.h" />
    <ClInclude Include="Src\Graphics\Bindables\ConstantBuffer.h" />
    <ClInclude Include="Src\Graphics\Core\ConstantBufferHeap.h" />
    <ClInclude Include="Src\Graphics\Bindables\DepthStencilState.h" />
    <ClInclude Include="Src\Graphics\Bindables\DepthStencilView.h" />
    <ClInclude Include="Src\Graphics\Core\DescriptorHeap.h" />
    <ClInclude Include="Src\Graphics\Resources\GraphicsResource.h" />
    <ClInclude Include="Src\Graphics\Resources\GraphicsTexture.h" />
    <ClInclude Include="Src\Includes\BindablesInclude.h" />
    <ClInclude Include="Src\Scene\Mesh.h" />
    <ClInclude Include="Src\Graphics\Data\DynamicConstantBuffer.h" />
    <ClInclude Include="Src\Graphics\Data\DynamicVertex.h" />
    <ClInclude Include="Src\Error\ErrorHandler.h" />
    <ClInclude Include="Src\Graphics\Core\Fence.h" />
    <ClInclude Include="Src\Graphics\Core\FrameResourceDeleter.h" />
    <ClInclude Include="Src\Graphics\Core\Graphics.h" />
    <ClInclude Include="Src\Graphics\Imgui\ImguiLayer.h" />
    <ClInclude Include="Src\Graphics\Imgui\ImguiManager.h" />
    <ClInclude Include="Src\Includes\CppIncludes.h" />
    <ClInclude Include="Src\Graphics\Bindables\IndexBuffer.h" />
    <ClInclude Include="Src\Error\InfoQueue.h" />
    <ClInclude Include="Src\System\Input.h" />
    <ClInclude Include="Src\Graphics\Bindables\InputLayout.h" />
    <ClInclude Include="Src\Error\MessageMap.h" />
    <ClInclude Include="Src\Scene\Objects\Model.h" />
    <ClInclude Include="Src\Scene\ModelImporter.h" />
    <ClInclude Include="Src\Scene\ObjectTransform.h" />
    <ClInclude Include="Src\Graphics\Core\Pipeline.h" />
    <ClInclude Include="Src\Graphics\Core\PipelineState.h" />
    <ClInclude Include="Src\Scene\Objects\PointLight.h" />
    <ClInclude Include="Src\Graphics\Bindables\PrimitiveTechnology.h" />
    <ClInclude Include="Src\Graphics\Bindables\RasterizerState.h" />
    <ClInclude Include="Src\Graphics\Bindables\RenderTarget.h" />
    <ClInclude Include="Src\Graphics\Core\RootSignature.h" />
    <ClInclude Include="Src\Graphics\Bindables\Sampler.h" />
    <ClInclude Include="Src\Scene\Scene.h" />
    <ClInclude Include="Src\Scene\SceneObject.h" />
    <ClInclude Include="Src\Graphics\Bindables\Shader.h" />
    <ClInclude Include="Src\Scene\Objects\Sphere.h" />
    <ClInclude Include="Src\Graphics\Bindables\ShaderResourceView.h" />
    <ClInclude Include="Src\Shaders\TargetShaders.h" />
    <ClInclude Include="Src\Graphics\Core\TempCommandList.h" />
    <ClInclude Include="Src\Graphics\Bindables\Texture.h" />
    <ClInclude Include="Src\Graphics\Bindables\TransformConstantBuffer.h" />
    <ClInclude Include="Src\Scene\Objects\Cube.h" />
    <ClInclude Include="Src\Graphics\Bindables\UnorderedAccessView.h" />
    <ClInclude Include="Src\Graphics\Bindables\VertexBuffer.h" />
    <ClInclude Include="Src\Graphics\Bindables\ViewPort.h" />
    <ClInclude Include="Src\System\Window.h" />
    <ClInclude Include="Src\Includes\WRLNoWarnings.h" />
    <ClInclude Include="Src\Graphics\Core\DeviceResources.h" />
    <ClInclude Include="Src\Graphics\RenderGraph\RenderGraph.h" />
    <ClInclude Include="Src\System\Time.h" />
    <ClInclude Include="Src\Scene\RenderTechnique.h" />
    <ClInclude Include="Src\Graphics\RenderGraph\Steps\RenderGraphicsStep.h" />
    <ClInclude Include="Src\Graphics\RenderGraph\Steps\RenderStep.h" />
    <ClInclude Include="Src\Scene\StandaloneMesh.h" />
    <ClInclude Include="Src\Graphics\RenderGraph\RenderPass\RenderPass.h" />
    <ClInclude Include="Src\Graphics\RenderGraph\RenderManager.h" />
    <ClInclude Include="Src\Graphics\Core\Renderer.h" />
    <ClInclude Include="Src\Graphics\RenderGraph\RenderPass\Geometry\GeometryPass.h" />
    <ClInclude Include="Src\Graphics\RenderGraph\RenderPass\GuiPass.h" />
    <ClInclude Include="Src\Graphics\RenderGraph\RenderJob\MeshRenderJob.h" />
    <ClInclude Include="Src\Graphics\Bindables\BindableTypes.h" />
    <ClInclude Include="Src\Graphics\RenderGraph\RenderJob\RenderJob.h" />
    <ClInclude Include="Src\Graphics\RenderGraph\RenderJob\StepRenderJob.h" />
    <ClInclude Include="Src\Graphics\RenderGraph\RenderPass\Geometry\PreDepthPass.h" />
    <ClInclude Include="Src\Graphics\RenderGraph\RenderJob\GraphicsStepRenderJob.h" />
    <ClInclude Include="Src\Graphics\RenderGraph\RenderPass\Geometry\GBufferPass.h" />
    <ClInclude Include="Src\Graphics\RenderGraph\RenderPass\Fullscreen\LightningPass.h" />
    <ClInclude Include="Src\Graphics\RenderGraph\RenderPass\Geometry\EmissivePass.h" />
    <ClInclude Include="Src\Graphics\Profiler\CPUProfiler.h" />
    <ClInclude Include="Src\Graphics\Profiler\GPUProfiler.h" />
    <ClInclude Include="Src\Graphics\Profiler\Profiler.h" />
    <ClInclude Include="Src\Graphics\Bindables\Binding.h" />
    <ClInclude Include="Src\Graphics\Bindables\RootSignatureBindableWrapper.h" />
    <ClInclude Include="Src\Graphics\Bindables\RootSignatureConstants.h" />
    <ClInclude Include="Src\Graphics\Resources\QueryHeap.h" />
  </ItemGroup>
  <ItemGroup>
    <CopyFileToFolders Include="Dependencies\zlib1.dll" />
    <CopyFileToFolders Include="Dependencies\dxcompiler.dll" />
    <CopyFileToFolders Include="Dependencies\dxil.dll" />
    <CopyFileToFolders Include="Dependencies\AgilitySDK\D3D12Core.dll" />
    <CopyFileToFolders Include="Dependencies\AgilitySDK\d3d12SDKLayers.dll" />
    <CopyFileToFolders Include="Dependencies\assimp-vc143-mt.dll" />
    <CopyFileToFolders Include="Dependencies\WinPixEventRuntime.dll" />
    <CopyFileToFolders Include="Src\Shaders\CS_GetMiddleDepth.hlsl" />
    <CopyFileToFolders Include="Src\Shaders\CS_SRGB_Convert.hlsl" />
    <CopyFileToFolders Include="Src\Shaders\CS_MipMapGeneration.hlsl" />
    <CopyFileToFolders Include="Src\Shaders\PS_DepthOfField.hlsl" />
    <CopyFileToFolders Include="Src\Shaders\PS_Fog.hlsl" />
    <CopyFileToFolders Include="Src\Shaders\PS_Fullscreen.hlsl" />
    <CopyFileToFolders Include="Src\Shaders\PS_LightSource.hlsl" />
    <CopyFileToFolders Include="Src\Shaders\PS.hlsl" />
    <CopyFileToFolders Include="Src\Shaders\PS_Texture.hlsl" />
    <CopyFileToFolders Include="Src\Shaders\PS_Solid.hlsl" />
    <CopyFileToFolders Include="Src\Shaders\VS.hlsl" />
    <CopyFileToFolders Include="Src\Shaders\VS_Fullscreen.hlsl" />
    <CopyFileToFolders Include="Src\Shaders\PS_Depth.hlsl" />
    <CopyFileToFolders Include="Src\Shaders\PS_GBuffer.hlsl" />
    <CopyFileToFolders Include="Src\Shaders\PS_Lightning.hlsl" />
  </ItemGroup>
</Project>