
Microsoft Visual Studio Solution File, Format Version 12.00
# Visual Studio Version 17
VisualStudioVersion = 17.9.34728.123
MinimumVisualStudioVersion = 10.0.40219.1
Project("{8BC9CEB8-8B4A-11D0-8D11-00A0C91BC942}") = "Teleios Engine", "Teleios Engine\Teleios Engine.vcxproj", "{B468BB1E-5593-44B3-BB51-C679345AD8C5}"
	ProjectSection(ProjectDependencies) = postProject
		{4FBCFE54-E3F5-4CA9-B71D-3BC697FB7568} = {4FBCFE54-E3F5-4CA9-B71D-3BC697FB7568}
		{945B8F0E-AE5F-447C-933A-9D069532D3E4} = {945B8F0E-AE5F-447C-933A-9D069532D3E4}
		{FB3F52B5-BFE8-43FD-836F-363735DAB738} = {FB3F52B5-BFE8-43FD-836F-363735DAB738}
	EndProjectSection
EndProject
Project("{8BC9CEB8-8B4A-11D0-8D11-00A0C91BC942}") = "DirectXTex", "..\..\Libraries\DirectXTex\DirectXTex\DirectXTex_Windows10_2022.vcxproj", "{FB3F52B5-BFE8-43FD-836F-363735DAB738}"
EndProject
Project("{8BC9CEB8-8B4A-11D0-8D11-00A0C91BC942}") = "DirectXTK12", "..\..\Libraries\DirectXTK12\DirectXTK_Windows10_2022.vcxproj", "{945B8F0E-AE5F-447C-933A-9D069532D3E4}"
EndProject
Project("{8BC9CEB8-8B4A-11D0-8D11-00A0C91BC942}") = "imguilib", "..\imguilib\imguilib\imguilib.vcxproj", "{4FBCFE54-E3F5-4CA9-B71D-3BC697FB7568}"
EndProject
Global
	GlobalSection(SolutionConfigurationPlatforms) = preSolution
		Debug|ARM = Debug|ARM
		Debug|ARM64 = Debug|ARM64
		Debug|x64 = Debug|x64
		Debug|x86 = Debug|x86
		Release|ARM = Release|ARM
		Release|ARM64 = Release|ARM64
		Release|x64 = Release|x64
		Release|x86 = Release|x86
	EndGlobalSection
	GlobalSection(ProjectConfigurationPlatforms) = postSolution
		{B468BB1E-5593-44B3-BB51-C679345AD8C5}.Debug|ARM.ActiveCfg = Debug|x64
		{B468BB1E-5593-44B3-BB51-C679345AD8C5}.Debug|ARM.Build.0 = Debug|x64
		{B468BB1E-5593-44B3-BB51-C679345AD8C5}.Debug|ARM64.ActiveCfg = Debug|x64
		{B468BB1E-5593-44B3-BB51-C679345AD8C5}.Debug|ARM64.Build.0 = Debug|x64
		{B468BB1E-5593-44B3-BB51-C679345AD8C5}.Debug|x64.ActiveCfg = Debug|x64
		{B468BB1E-5593-44B3-BB51-C679345AD8C5}.Debug|x64.Build.0 = Debug|x64
		{B468BB1E-5593-44B3-BB51-C679345AD8C5}.Debug|x86.ActiveCfg = Debug|Win32
		{B468BB1E-5593-44B3-BB51-C679345AD8C5}.Debug|x86.Build.0 = Debug|Win32
		{B468BB1E-5593-44B3-BB51-C679345AD8C5}.Release|ARM.ActiveCfg = Release|x64
		{B468BB1E-5593-44B3-BB51-C679345AD8C5}.Release|ARM.Build.0 = Release|x64
		{B468BB1E-5593-44B3-BB51-C679345AD8C5}.Release|ARM64.ActiveCfg = Release|x64
		{B468BB1E-5593-44B3-BB51-C679345AD8C5}.Release|ARM64.Build.0 = Release|x64
		{B468BB1E-5593-44B3-BB51-C679345AD8C5}.Release|x64.ActiveCfg = Release|x64
		{B468BB1E-5593-44B3-BB51-C679345AD8C5}.Release|x64.Build.0 = Release|x64
		{B468BB1E-5593-44B3-BB51-C679345AD8C5}.Release|x86.ActiveCfg = Release|Win32
		{B468BB1E-5593-44B3-BB51-C679345AD8C5}.Release|x86.Build.0 = Release|Win32
		{FB3F52B5-BFE8-43FD-836F-363735DAB738}.Debug|ARM.ActiveCfg = Debug|ARM
		{FB3F52B5-BFE8-43FD-836F-363735DAB738}.Debug|ARM.Build.0 = Debug|ARM
		{FB3F52B5-BFE8-43FD-836F-363735DAB738}.Debug|ARM64.ActiveCfg = Debug|ARM64
		{FB3F52B5-BFE8-43FD-836F-363735DAB738}.Debug|ARM64.Build.0 = Debug|ARM64
		{FB3F52B5-BFE8-43FD-836F-363735DAB738}.Debug|x64.ActiveCfg = Debug|x64
		{FB3F52B5-BFE8-43FD-836F-363735DAB738}.Debug|x64.Build.0 = Debug|x64
		{FB3F52B5-BFE8-43FD-836F-363735DAB738}.Debug|x86.ActiveCfg = Debug|Win32
		{FB3F52B5-BFE8-43FD-836F-363735DAB738}.Debug|x86.Build.0 = Debug|Win32
		{FB3F52B5-BFE8-43FD-836F-363735DAB738}.Release|ARM.ActiveCfg = Release|ARM
		{FB3F52B5-BFE8-43FD-836F-363735DAB738}.Release|ARM.Build.0 = Release|ARM
		{FB3F52B5-BFE8-43FD-836F-363735DAB738}.Release|ARM64.ActiveCfg = Release|ARM64
		{FB3F52B5-BFE8-43FD-836F-363735DAB738}.Release|ARM64.Build.0 = Release|ARM64
		{FB3F52B5-BFE8-43FD-836F-363735DAB738}.Release|x64.ActiveCfg = Release|x64
		{FB3F52B5-BFE8-43FD-836F-363735DAB738}.Release|x64.Build.0 = Release|x64
		{FB3F52B5-BFE8-43FD-836F-363735DAB738}.Release|x86.ActiveCfg = Release|Win32
		{FB3F52B5-BFE8-43FD-836F-363735DAB738}.Release|x86.Build.0 = Release|Win32
		{945B8F0E-AE5F-447C-933A-9D069532D3E4}.Debug|ARM.ActiveCfg = Debug|x64
		{945B8F0E-AE5F-447C-933A-9D069532D3E4}.Debug|ARM.Build.0 = Debug|x64
		{945B8F0E-AE5F-447C-933A-9D069532D3E4}.Debug|ARM64.ActiveCfg = Debug|ARM64
		{945B8F0E-AE5F-447C-933A-9D069532D3E4}.Debug|ARM64.Build.0 = Debug|ARM64
		{945B8F0E-AE5F-447C-933A-9D069532D3E4}.Debug|x64.ActiveCfg = Debug|x64
		{945B8F0E-AE5F-447C-933A-9D069532D3E4}.Debug|x64.Build.0 = Debug|x64
		{945B8F0E-AE5F-447C-933A-9D069532D3E4}.Debug|x86.ActiveCfg = Debug|Win32
		{945B8F0E-AE5F-447C-933A-9D069532D3E4}.Debug|x86.Build.0 = Debug|Win32
		{945B8F0E-AE5F-447C-933A-9D069532D3E4}.Release|ARM.ActiveCfg = Release|x64
		{945B8F0E-AE5F-447C-933A-9D069532D3E4}.Release|ARM.Build.0 = Release|x64
		{945B8F0E-AE5F-447C-933A-9D069532D3E4}.Release|ARM64.ActiveCfg = Release|ARM64
		{945B8F0E-AE5F-447C-933A-9D069532D3E4}.Release|ARM64.Build.0 = Release|ARM64
		{945B8F0E-AE5F-447C-933A-9D069532D3E4}.Release|x64.ActiveCfg = Release|x64
		{945B8F0E-AE5F-447C-933A-9D069532D3E4}.Release|x64.Build.0 = Release|x64
		{945B8F0E-AE5F-447C-933A-9D069532D3E4}.Release|x86.ActiveCfg = Release|Win32
		{945B8F0E-AE5F-447C-933A-9D069532D3E4}.Release|x86.Build.0 = Release|Win32
		{4FBCFE54-E3F5-4CA9-B71D-3BC697FB7568}.Debug|ARM.ActiveCfg = Debug|x64
		{4FBCFE54-E3F5-4CA9-B71D-3BC697FB7568}.Debug|ARM.Build.0 = Debug|x64
		{4FBCFE54-E3F5-4CA9-B71D-3BC697FB7568}.Debug|ARM64.ActiveCfg = Debug|x64
		{4FBCFE54-E3F5-4CA9-B71D-3BC697FB7568}.Debug|ARM64.Build.0 = Debug|x64
		{4FBCFE54-E3F5-4CA9-B71D-3BC697FB7568}.Debug|x64.ActiveCfg = Debug|x64
		{4FBCFE54-E3F5-4CA9-B71D-3BC697FB7568}.Debug|x64.Build.0 = Debug|x64
		{4FBCFE54-E3F5-4CA9-B71D-3BC697FB7568}.Debug|x86.ActiveCfg = Debug|Win32
		{4FBCFE54-E3F5-4CA9-B71D-3BC697FB7568}.Debug|x86.Build.0 = Debug|Win32
		{4FBCFE54-E3F5-4CA9-B71D-3BC697FB7568}.Release|ARM.ActiveCfg = Release|x64
		{4FBCFE54-E3F5-4CA9-B71D-3BC697FB7568}.Release|ARM.Build.0 = Release|x64
		{4FBCFE54-E3F5-4CA9-B71D-3BC697FB7568}.Release|ARM64.ActiveCfg = Release|x64
		{4FBCFE54-E3F5-4CA9-B71D-3BC697FB7568}.Release|ARM64.Build.0 = Release|x64
		{4FBCFE54-E3F5-4CA9-B71D-3BC697FB7568}.Release|x64.ActiveCfg = Release|x64
		{4FBCFE54-E3F5-4CA9-B71D-3BC697FB7568}.Release|x64.Build.0 = Release|x64
		{4FBCFE54-E3F5-4CA9-B71D-3BC697FB7568}.Release|x86.ActiveCfg = Release|Win32
		{4FBCFE54-E3F5-4CA9-B71D-3BC697FB7568}.Release|x86.Build.0 = Release|Win32
	EndGlobalSection
	GlobalSection(SolutionProperties) = preSolution
		HideSolutionNode = FALSE
	EndGlobalSection
	GlobalSection(ExtensibilityGlobals) = postSolution
		SolutionGuid = {069C7CEE-785C-4D05-9BF1-69A024F17F2B}
	EndGlobalSection
EndGlobal
