<?xml version="1.0" encoding="utf-8"?>
<Project ToolsVersion="4.0" xmlns="http://schemas.microsoft.com/developer/msbuild/2003">
  <ItemGroup>
    <FxCompile Include="Src\Shaders\CS_GetMiddleDepth.hlsl" />
    <FxCompile Include="Src\Shaders\CS_SRGB_Convert.hlsl" />
    <FxCompile Include="Src\Shaders\CS_MipMapGeneration.hlsl" />
    <FxCompile Include="Src\Shaders\PS_DepthOfField.hlsl" />
    <FxCompile Include="Src\Shaders\PS_Fog.hlsl" />
    <FxCompile Include="Src\Shaders\PS_Fullscreen.hlsl" />
    <FxCompile Include="Src\Shaders\PS_WhiteColor.hlsl" />
    <FxCompile Include="Src\Shaders\PS.hlsl" />
    <FxCompile Include="Src\Shaders\PS_Texture.hlsl" />
    <FxCompile Include="Src\Shaders\PS_Solid.hlsl" />
    <FxCompile Include="Src\Shaders\VS.hlsl" />
    <FxCompile Include="Src\Shaders\VS_Fullscreen.hlsl" />
  </ItemGroup>
  <ItemGroup>
    <ClCompile Include="Src\Application.cpp" />
    <ClCompile Include="Src\Bindables\Bindable.cpp" />
    <ClCompile Include="Src\BindableContainer.cpp" />
    <ClCompile Include="Src\Bindables\BlendState.cpp" />
    <ClCompile Include="Src\FullscreenPasses\DepthOfFieldFullscreenPass.cpp" />
    <ClCompile Include="Src\FullscreenPasses\FogFullscreenPass.cpp" />
    <ClCompile Include="Src\FullscreenPasses\FullscreenPass.cpp" />
    <ClCompile Include="Src\GraphicsResources\GraphicsBuffer.cpp" />
    <ClCompile Include="Src\Scene\Objects\Camera.cpp" />
    <ClCompile Include="Src\CommandList.cpp" />
    <ClCompile Include="Src\Bindables\ConstantBuffer.cpp" />
    <ClCompile Include="Src\ConstantBufferHeap.cpp" />
    <ClCompile Include="Src\Bindables\DepthStencilState.cpp" />
    <ClCompile Include="Src\Bindables\DepthStencilView.cpp" />
    <ClCompile Include="Src\DescriptorHeap.cpp" />
    <ClCompile Include="Src\GraphicsResources\GraphicsResource.cpp" />
    <ClCompile Include="Src\GraphicsResources\GraphicsTexture.cpp" />
    <ClCompile Include="Src\Mesh.cpp" />
    <ClCompile Include="Src\DynamicConstantBuffer.cpp" />
    <ClCompile Include="Src\DynamicVertex.cpp" />
    <ClCompile Include="Src\Error\ErrorHandler.cpp" />
    <ClCompile Include="Src\Fence.cpp" />
    <ClCompile Include="Src\FrameResourceDeleter.cpp" />
    <ClCompile Include="Src\Graphics.cpp" />
    <ClCompile Include="Src\ImguiLayer.cpp" />
    <ClCompile Include="Src\ImguiManager.cpp" />
    <ClCompile Include="Src\includes\DirectXIncludes.h" />
    <ClCompile Include="Src\EntryPoint.cpp" />
    <ClCompile Include="Src\Bindables\IndexBuffer.cpp" />
    <ClCompile Include="Src\Error\InfoQueue.cpp" />
    <ClCompile Include="Src\System\Input.cpp" />
    <ClCompile Include="Src\Bindables\InputLayout.cpp" />
    <ClCompile Include="Src\Macros\KeyMacros.h" />
    <ClCompile Include="Src\Macros\ErrorMacros.h" />
    <ClCompile Include="Src\Scene\Objects\Model.cpp" />
    <ClCompile Include="Src\Scene\ModelImporter.cpp" />
    <ClCompile Include="Src\Scene\ObjectTransform.cpp" />
    <ClCompile Include="Src\Pipeline.cpp" />
    <ClCompile Include="Src\PipelineState.cpp" />
    <ClCompile Include="Src\Scene\Objects\PointLight.cpp" />
    <ClCompile Include="Src\PostProcessing.cpp" />
    <ClCompile Include="Src\Bindables\PrimitiveTechnology.cpp" />
    <ClCompile Include="Src\Bindables\RasterizerState.cpp" />
    <ClCompile Include="Src\Bindables\RenderTarget.cpp" />
    <ClCompile Include="Src\RootSignature.cpp" />
    <ClCompile Include="Src\Bindables\Sampler.cpp" />
    <ClCompile Include="Src\Scene\Scene.cpp" />
    <ClCompile Include="Src\Scene\SceneObject.cpp" />
    <ClCompile Include="Src\Bindables\Shader.cpp" />
    <ClCompile Include="Src\Scene\Objects\Sphere.cpp" />
    <ClCompile Include="Src\Bindables\ShaderResourceView.cpp" />
    <ClCompile Include="Src\TempCommandList.cpp" />
    <ClCompile Include="Src\Bindables\Texture.cpp" />
    <ClCompile Include="Src\Bindables\TransformConstantBuffer.cpp" />
    <ClCompile Include="Src\Scene\Objects\Cube.cpp" />
    <ClCompile Include="Src\Bindables\UnorderedAccessView.cpp" />
    <ClCompile Include="Src\Bindables\VertexBuffer.cpp" />
    <ClCompile Include="Src\Bindables\ViewPort.cpp" />
    <ClCompile Include="Src\System\Window.cpp" />
  </ItemGroup>
  <ItemGroup>
    <ClInclude Include="Src\Application.h" />
    <ClInclude Include="Src\Bindables\Bindable.h" />
    <ClInclude Include="Src\BindableContainer.h" />
    <ClInclude Include="Src\BindableResourceList.h" />
    <ClInclude Include="Src\Bindables\BlendState.h" />
    <ClInclude Include="Src\FullscreenPasses\DepthOfFieldFullscreenPass.h" />
    <ClInclude Include="Src\FullscreenPasses\FogFullscreenPass.h" />
    <ClInclude Include="Src\FullscreenPasses\FullscreenPass.h" />
    <ClInclude Include="Src\GraphicsResources\GraphicsBuffer.h" />
    <ClInclude Include="Src\Scene\Objects\Camera.h" />
    <ClInclude Include="Src\CommandList.h" />
    <ClInclude Include="Src\Bindables\ConstantBuffer.h" />
    <ClInclude Include="Src\ConstantBufferHeap.h" />
    <ClInclude Include="Src\Bindables\DepthStencilState.h" />
    <ClInclude Include="Src\Bindables\DepthStencilView.h" />
    <ClInclude Include="Src\DescriptorHeap.h" />
    <ClInclude Include="Src\GraphicsResources\GraphicsResource.h" />
    <ClInclude Include="Src\GraphicsResources\GraphicsTexture.h" />
    <ClInclude Include="Src\includes\BindablesInclude.h" />
    <ClInclude Include="Src\Mesh.h" />
    <ClInclude Include="Src\DynamicConstantBuffer.h" />
    <ClInclude Include="Src\DynamicVertex.h" />
    <ClInclude Include="Src\Error\ErrorHandler.h" />
    <ClInclude Include="Src\Fence.h" />
    <ClInclude Include="Src\FrameResourceDeleter.h" />
    <ClInclude Include="Src\Graphics.h" />
    <ClInclude Include="Src\ImguiLayer.h" />
    <ClInclude Include="Src\ImguiManager.h" />
    <ClInclude Include="Src\includes\CppIncludes.h" />
    <ClInclude Include="Src\Bindables\IndexBuffer.h" />
    <ClInclude Include="Src\Error\InfoQueue.h" />
    <ClInclude Include="Src\System\Input.h" />
    <ClInclude Include="Src\Bindables\InputLayout.h" />
    <ClInclude Include="Src\Error\MessageMap.h" />
    <ClInclude Include="Src\Scene\Objects\Model.h" />
    <ClInclude Include="Src\Scene\ModelImporter.h" />
    <ClInclude Include="Src\Scene\ObjectTransform.h" />
    <ClInclude Include="Src\Pipeline.h" />
    <ClInclude Include="Src\PipelineState.h" />
    <ClInclude Include="Src\Scene\Objects\PointLight.h" />
    <ClInclude Include="Src\PostProcessing.h" />
    <ClInclude Include="Src\Bindables\PrimitiveTechnology.h" />
    <ClInclude Include="Src\Bindables\RasterizerState.h" />
    <ClInclude Include="Src\Bindables\RenderTarget.h" />
    <ClInclude Include="Src\RootSignature.h" />
    <ClInclude Include="Src\Bindables\Sampler.h" />
    <ClInclude Include="Src\Scene\Scene.h" />
    <ClInclude Include="Src\Scene\SceneObject.h" />
    <ClInclude Include="Src\Bindables\Shader.h" />
    <ClInclude Include="Src\Scene\Objects\Sphere.h" />
    <ClInclude Include="Src\Bindables\ShaderResourceView.h" />
    <ClInclude Include="Src\TargetShaders.h" />
    <ClInclude Include="Src\TempCommandList.h" />
    <ClInclude Include="Src\Bindables\Texture.h" />
    <ClInclude Include="Src\Bindables\TransformConstantBuffer.h" />
    <ClInclude Include="Src\Scene\Objects\Cube.h" />
    <ClInclude Include="Src\Bindables\UnorderedAccessView.h" />
    <ClInclude Include="Src\Bindables\VertexBuffer.h" />
    <ClInclude Include="Src\Bindables\ViewPort.h" />
    <ClInclude Include="Src\System\Window.h" />
    <ClInclude Include="Src\includes\WRLNoWarnings.h" />
  </ItemGroup>
  <ItemGroup>
    <CopyFileToFolders Include="Dependencies\zlib1.dll" />
    <CopyFileToFolders Include="Dependencies\dxcompiler.dll" />
    <CopyFileToFolders Include="Dependencies\dxil.dll" />
    <CopyFileToFolders Include="Dependencies\AgilitySDK\D3D12Core.dll" />
    <CopyFileToFolders Include="Dependencies\AgilitySDK\d3d12SDKLayers.dll" />
    <CopyFileToFolders Include="Dependencies\assimp-vc143-mt.dll" />
    <CopyFileToFolders Include="Dependencies\WinPixEventRuntime.dll" />
  </ItemGroup>
</Project>