
Microsoft Visual Studio Solution File, Format Version 12.00
# Visual Studio Version 17
VisualStudioVersion = 17.9.34728.123
MinimumVisualStudioVersion = 10.0.40219.1
Project("{8BC9CEB8-8B4A-11D0-8D11-00A0C91BC942}") = "Teleios Engine", "Teleios Engine\Teleios Engine.vcxproj", "{B468BB1E-5593-44B3-BB51-C679345AD8C5}"
EndProject
Global
	GlobalSection(SolutionConfigurationPlatforms) = preSolution
		Debug|ARM = Debug|ARM
		Debug|ARM64 = Debug|ARM64
		Debug|x64 = Debug|x64
		Debug|x86 = Debug|x86
		Release|ARM = Release|ARM
		Release|ARM64 = Release|ARM64
		Release|x64 = Release|x64
		Release|x86 = Release|x86
	EndGlobalSection
	GlobalSection(ProjectConfigurationPlatforms) = postSolution
		{B468BB1E-5593-44B3-BB51-C679345AD8C5}.Debug|ARM.ActiveCfg = Debug|x64
		{B468BB1E-5593-44B3-BB51-C679345AD8C5}.Debug|ARM.Build.0 = Debug|x64
		{B468BB1E-5593-44B3-BB51-C679345AD8C5}.Debug|ARM64.ActiveCfg = Debug|x64
		{B468BB1E-5593-44B3-BB51-C679345AD8C5}.Debug|ARM64.Build.0 = Debug|x64
		{B468BB1E-5593-44B3-BB51-C679345AD8C5}.Debug|x64.ActiveCfg = Debug|x64
		{B468BB1E-5593-44B3-BB51-C679345AD8C5}.Debug|x64.Build.0 = Debug|x64
		{B468BB1E-5593-44B3-BB51-C679345AD8C5}.Debug|x86.ActiveCfg = Debug|Win32
		{B468BB1E-5593-44B3-BB51-C679345AD8C5}.Debug|x86.Build.0 = Debug|Win32
		{B468BB1E-5593-44B3-BB51-C679345AD8C5}.Release|ARM.ActiveCfg = Release|x64
		{B468BB1E-5593-44B3-BB51-C679345AD8C5}.Release|ARM.Build.0 = Release|x64
		{B468BB1E-5593-44B3-BB51-C679345AD8C5}.Release|ARM64.ActiveCfg = Release|x64
		{B468BB1E-5593-44B3-BB51-C679345AD8C5}.Release|ARM64.Build.0 = Release|x64
		{B468BB1E-5593-44B3-BB51-C679345AD8C5}.Release|x64.ActiveCfg = Release|x64
		{B468BB1E-5593-44B3-BB51-C679345AD8C5}.Release|x64.Build.0 = Release|x64
		{B468BB1E-5593-44B3-BB51-C679345AD8C5}.Release|x86.ActiveCfg = Release|Win32
		{B468BB1E-5593-44B3-BB51-C679345AD8C5}.Release|x86.Build.0 = Release|Win32
	EndGlobalSection
	GlobalSection(SolutionProperties) = preSolution
		HideSolutionNode = FALSE
	EndGlobalSection
	GlobalSection(ExtensibilityGlobals) = postSolution
		SolutionGuid = {069C7CEE-785C-4D05-9BF1-69A024F17F2B}
	EndGlobalSection
EndGlobal
